<?xml version="1.0" encoding="utf-8"?>
<Project ToolsVersion="4.0" xmlns="http://schemas.microsoft.com/developer/msbuild/2003">
  <ItemGroup>
    <Filter Include="UnrealRuby">
      <UniqueIdentifier>{4E13C918-3ACB-0A66-A3D2-E3C18FA9A556}</UniqueIdentifier>
    </Filter>
  </ItemGroup>
  <ItemGroup>
    <ClInclude Include="src\UnrealRuby.h" />
    <ClInclude Include="src\UnrealRuby\Application.h">
      <Filter>UnrealRuby</Filter>
    </ClInclude>
    <ClInclude Include="src\UnrealRuby\Core.h">
      <Filter>UnrealRuby</Filter>
    </ClInclude>
    <ClInclude Include="src\UnrealRuby\Entrypoint.h">
      <Filter>UnrealRuby</Filter>
    </ClInclude>
    <ClInclude Include="src\UnrealRuby\Log.h">
      <Filter>UnrealRuby</Filter>
    </ClInclude>
  </ItemGroup>
  <ItemGroup>
    <ClCompile Include="src\UnrealRuby\Application.cpp">
      <Filter>UnrealRuby</Filter>
    </ClCompile>
    <ClCompile Include="src\UnrealRuby\Log.cpp">
      <Filter>UnrealRuby</Filter>
    </ClCompile>
  </ItemGroup>
</Project>